<?xml version="1.0" encoding="utf-8"?>
<Project ToolsVersion="4.0" xmlns="http://schemas.microsoft.com/developer/msbuild/2003">
  <ItemGroup>
    <Filter Include="ソース ファイル">
      <UniqueIdentifier>{4FC737F1-C7A5-4376-A066-2A32D752A2FF}</UniqueIdentifier>
      <Extensions>cpp;c;cc;cxx;c++;cppm;ixx;def;odl;idl;hpj;bat;asm;asmx</Extensions>
    </Filter>
    <Filter Include="ヘッダー ファイル">
      <UniqueIdentifier>{93995380-89BD-4b04-88EB-625FBE52EBFB}</UniqueIdentifier>
      <Extensions>h;hh;hpp;hxx;h++;hm;inl;inc;ipp;xsd</Extensions>
    </Filter>
    <Filter Include="リソース ファイル">
      <UniqueIdentifier>{67DA6AB6-F800-4c08-8B7A-83BB121AAD01}</UniqueIdentifier>
      <Extensions>rc;ico;cur;bmp;dlg;rc2;rct;bin;rgs;gif;jpg;jpeg;jpe;resx;tiff;tif;png;wav;mfcribbon-ms</Extensions>
    </Filter>
    <Filter Include="ソース ファイル\Enemy">
      <UniqueIdentifier>{ab934f81-2ee7-4e46-8858-0bd392eef2a3}</UniqueIdentifier>
    </Filter>
    <Filter Include="ソース ファイル\Enemy\Red">
      <UniqueIdentifier>{7bc13131-348f-4bcb-94c0-b5618311d23b}</UniqueIdentifier>
    </Filter>
    <Filter Include="ソース ファイル\Enemy\Pink">
      <UniqueIdentifier>{cf2d402f-a915-4afb-85a2-2c5c963c4062}</UniqueIdentifier>
    </Filter>
    <Filter Include="ソース ファイル\Enemy\Blue">
      <UniqueIdentifier>{8b5ac42f-75c2-4151-b411-5de56809ca43}</UniqueIdentifier>
    </Filter>
    <Filter Include="ソース ファイル\Enemy\Orange">
      <UniqueIdentifier>{9995a449-d125-45ae-b993-85f2e92e8a05}</UniqueIdentifier>
    </Filter>
    <Filter Include="ソース ファイル\Player">
      <UniqueIdentifier>{a57db280-ebe1-4fe9-97ce-bc63e090ca32}</UniqueIdentifier>
    </Filter>
    <Filter Include="ソース ファイル\Display">
      <UniqueIdentifier>{75271ab2-a34e-4150-99f4-fba55f2e1430}</UniqueIdentifier>
    </Filter>
    <Filter Include="ソース ファイル\Bait">
      <UniqueIdentifier>{e0d3685d-4fce-4280-a371-1ceb3624fdc9}</UniqueIdentifier>
    </Filter>
    <Filter Include="ソース ファイル\Sounds">
      <UniqueIdentifier>{cd601358-4887-4caf-80ba-73ddcffa04ac}</UniqueIdentifier>
    </Filter>
  </ItemGroup>
  <ItemGroup>
    <ClCompile Include="main.cpp">
      <Filter>ソース ファイル</Filter>
    </ClCompile>
    <ClCompile Include="Stage.cpp">
      <Filter>ソース ファイル</Filter>
    </ClCompile>
    <ClCompile Include="Image.cpp">
      <Filter>ソース ファイル</Filter>
    </ClCompile>
    <ClCompile Include="Enemy.cpp">
      <Filter>ソース ファイル\Enemy</Filter>
    </ClCompile>
    <ClCompile Include="Blue.cpp">
      <Filter>ソース ファイル\Enemy\Blue</Filter>
    </ClCompile>
    <ClCompile Include="Orange.cpp">
      <Filter>ソース ファイル\Enemy\Orange</Filter>
    </ClCompile>
    <ClCompile Include="Pink.cpp">
      <Filter>ソース ファイル\Enemy\Pink</Filter>
    </ClCompile>
    <ClCompile Include="Red.cpp">
      <Filter>ソース ファイル\Enemy\Red</Filter>
    </ClCompile>
    <ClCompile Include="NewPlayer.cpp">
      <Filter>ソース ファイル\Player</Filter>
    </ClCompile>
    <ClCompile Include="display.cpp">
      <Filter>ソース ファイル\Display</Filter>
    </ClCompile>
    <ClCompile Include="Bait.cpp">
      <Filter>ソース ファイル\Bait</Filter>
    </ClCompile>
    <ClCompile Include="A_star.cpp">
      <Filter>ソース ファイル\Enemy\Red</Filter>
    </ClCompile>
    <ClCompile Include="Enemy_Red.cpp">
      <Filter>ソース ファイル\Enemy\Red</Filter>
    </ClCompile>
    <ClCompile Include="coffeebreak.cpp">
      <Filter>ソース ファイル</Filter>
    </ClCompile>
    <ClCompile Include="A_star_PINKY.cpp">
      <Filter>ソース ファイル\Enemy\Pink</Filter>
    </ClCompile>
    <ClCompile Include="A_star_CLYDE.cpp">
      <Filter>ソース ファイル\Enemy\Orange</Filter>
    </ClCompile>
    <ClCompile Include="A_star_INKY.cpp">
      <Filter>ソース ファイル\Enemy\Blue</Filter>
    </ClCompile>
    <ClCompile Include="sounds.cpp">
      <Filter>ソース ファイル\Sounds</Filter>
    </ClCompile>
  </ItemGroup>
  <ItemGroup>
    <ClInclude Include="Stage.h">
      <Filter>ヘッダー ファイル</Filter>
    </ClInclude>
    <ClInclude Include="Image.h">
      <Filter>ヘッダー ファイル</Filter>
    </ClInclude>
    <ClInclude Include="Info.h">
      <Filter>ヘッダー ファイル</Filter>
    </ClInclude>
    <ClInclude Include="Enemy.h">
      <Filter>ソース ファイル\Enemy</Filter>
    </ClInclude>
    <ClInclude Include="Red.h">
      <Filter>ソース ファイル\Enemy\Red</Filter>
    </ClInclude>
    <ClInclude Include="Pink.h">
      <Filter>ソース ファイル\Enemy\Pink</Filter>
    </ClInclude>
    <ClInclude Include="Orange.h">
      <Filter>ソース ファイル\Enemy\Orange</Filter>
    </ClInclude>
    <ClInclude Include="Blue.h">
      <Filter>ソース ファイル\Enemy\Blue</Filter>
    </ClInclude>
    <ClInclude Include="NewPlayer.h">
      <Filter>ソース ファイル\Player</Filter>
    </ClInclude>
    <ClInclude Include="display.h">
      <Filter>ソース ファイル\Display</Filter>
    </ClInclude>
    <ClInclude Include="Bait.h">
      <Filter>ソース ファイル\Bait</Filter>
    </ClInclude>
    <ClInclude Include="A_star.h">
      <Filter>ソース ファイル\Enemy\Red</Filter>
    </ClInclude>
    <ClInclude Include="Enemy_Red.h">
      <Filter>ソース ファイル\Enemy\Red</Filter>
    </ClInclude>
    <ClInclude Include="coffeebreak.h">
      <Filter>ヘッダー ファイル</Filter>
    </ClInclude>
    <ClInclude Include="A_star_PINKY.h">
      <Filter>ソース ファイル\Enemy\Pink</Filter>
    </ClInclude>
    <ClInclude Include="A_star_CLYDE.h">
      <Filter>ソース ファイル\Enemy\Orange</Filter>
    </ClInclude>
    <ClInclude Include="A_star_INKY.h">
      <Filter>ソース ファイル\Enemy\Blue</Filter>
    </ClInclude>
    <ClInclude Include="sounds.h">
      <Filter>ソース ファイル\Sounds</Filter>
    </ClInclude>
  </ItemGroup>
</Project>